
Microsoft Visual Studio Solution File, Format Version 12.00
# Visual Studio Version 17
VisualStudioVersion = 17.14.36408.4 d17.14
MinimumVisualStudioVersion = 10.0.40219.1
Project("{FAE04EC0-301F-11D3-BF4B-00C04F79EFBC}") = "QuanLySinhVien_BTL", "QuanLySinhVien_BTL.csproj", "{85C3A7D6-3A54-499F-BAB9-66144D8ACCF4}"
EndProject
Global
	GlobalSection(SolutionConfigurationPlatforms) = preSolution
		Debug|Any CPU = Debug|Any CPU
		Release|Any CPU = Release|Any CPU
	EndGlobalSection
	GlobalSection(ProjectConfigurationPlatforms) = postSolution
		{85C3A7D6-3A54-499F-BAB9-66144D8ACCF4}.Debug|Any CPU.ActiveCfg = Debug|Any CPU
		{85C3A7D6-3A54-499F-BAB9-66144D8ACCF4}.Debug|Any CPU.Build.0 = Debug|Any CPU
		{85C3A7D6-3A54-499F-BAB9-66144D8ACCF4}.Release|Any CPU.ActiveCfg = Release|Any CPU
		{85C3A7D6-3A54-499F-BAB9-66144D8ACCF4}.Release|Any CPU.Build.0 = Release|Any CPU
	EndGlobalSection
	GlobalSection(SolutionProperties) = preSolution
		HideSolutionNode = FALSE
	EndGlobalSection
	GlobalSection(ExtensibilityGlobals) = postSolution
		SolutionGuid = {C88C2FE6-C698-4698-9863-3C47F87D9C04}
	EndGlobalSection
EndGlobal
